
Microsoft Visual Studio Solution File, Format Version 12.00
# Visual Studio Version 17
VisualStudioVersion = 17.0.32112.339
MinimumVisualStudioVersion = 10.0.40219.1
Project("{FAE04EC0-301F-11D3-BF4B-00C04F79EFBC}") = "operation_OLX", "operation_OLX.csproj", "{2A9FD29C-FE88-4C1A-8427-4C8B193844DF}"
EndProject
Global
	GlobalSection(SolutionConfigurationPlatforms) = preSolution
		Debug|Any CPU = Debug|Any CPU
		Release|Any CPU = Release|Any CPU
	EndGlobalSection
	GlobalSection(ProjectConfigurationPlatforms) = postSolution
		{2A9FD29C-FE88-4C1A-8427-4C8B193844DF}.Debug|Any CPU.ActiveCfg = Debug|Any CPU
		{2A9FD29C-FE88-4C1A-8427-4C8B193844DF}.Debug|Any CPU.Build.0 = Debug|Any CPU
		{2A9FD29C-FE88-4C1A-8427-4C8B193844DF}.Release|Any CPU.ActiveCfg = Release|Any CPU
		{2A9FD29C-FE88-4C1A-8427-4C8B193844DF}.Release|Any CPU.Build.0 = Release|Any CPU
	EndGlobalSection
	GlobalSection(SolutionProperties) = preSolution
		HideSolutionNode = FALSE
	EndGlobalSection
	GlobalSection(ExtensibilityGlobals) = postSolution
		SolutionGuid = {02DFCE1D-B049-4C32-AE5A-979E63EB554B}
	EndGlobalSection
EndGlobal
